
Microsoft Visual Studio Solution File, Format Version 12.00
# Visual Studio Version 16
VisualStudioVersion = 16.0.31424.327
MinimumVisualStudioVersion = 10.0.40219.1
Project("{9A19103F-16F7-4668-BE54-9A1E7A4F7556}") = "PracticeDemo", "PracticeDemo\PracticeDemo.csproj", "{4F7EFC70-579E-4F94-9E9F-A294673B42F1}"
EndProject
Project("{FAE04EC0-301F-11D3-BF4B-00C04F79EFBC}") = "CommonFunctions", "CommonFunctions\CommonFunctions.csproj", "{21E28CF6-01E5-4390-A63D-49D88DF66AE0}"
EndProject
Global
	GlobalSection(SolutionConfigurationPlatforms) = preSolution
		Debug|Any CPU = Debug|Any CPU
		Release|Any CPU = Release|Any CPU
	EndGlobalSection
	GlobalSection(ProjectConfigurationPlatforms) = postSolution
		{4F7EFC70-579E-4F94-9E9F-A294673B42F1}.Debug|Any CPU.ActiveCfg = Debug|Any CPU
		{4F7EFC70-579E-4F94-9E9F-A294673B42F1}.Debug|Any CPU.Build.0 = Debug|Any CPU
		{4F7EFC70-579E-4F94-9E9F-A294673B42F1}.Release|Any CPU.ActiveCfg = Release|Any CPU
		{4F7EFC70-579E-4F94-9E9F-A294673B42F1}.Release|Any CPU.Build.0 = Release|Any CPU
		{21E28CF6-01E5-4390-A63D-49D88DF66AE0}.Debug|Any CPU.ActiveCfg = Debug|Any CPU
		{21E28CF6-01E5-4390-A63D-49D88DF66AE0}.Debug|Any CPU.Build.0 = Debug|Any CPU
		{21E28CF6-01E5-4390-A63D-49D88DF66AE0}.Release|Any CPU.ActiveCfg = Release|Any CPU
		{21E28CF6-01E5-4390-A63D-49D88DF66AE0}.Release|Any CPU.Build.0 = Release|Any CPU
	EndGlobalSection
	GlobalSection(SolutionProperties) = preSolution
		HideSolutionNode = FALSE
	EndGlobalSection
	GlobalSection(ExtensibilityGlobals) = postSolution
		SolutionGuid = {8D405BED-E266-41DE-8A56-7AA0158E70DF}
	EndGlobalSection
EndGlobal
